Microsoft Visual Studio Solution File, Format Version 11.00
# Visual Studio 2008

Project("{3AC4EE4E-4FEE-2EF3-9B7A-8C6DFA894718}") = "New Unity ProjectParent", "Assembly-CSharp-firstpass-vs.csproj", "{E3716B7D-F523-D874-A3FE-0439700CDC1B}"
EndProject
Project("{3AC4EE4E-4FEE-2EF3-9B7A-8C6DFA894718}") = "New Unity ProjectParent", "Assembly-CSharp-vs.csproj", "{401BB7E0-17A6-B6BB-0219-86818A3539F8}"
EndProject
Project("{3AC4EE4E-4FEE-2EF3-9B7A-8C6DFA894718}") = "New Unity ProjectParent", "Assembly-CSharp-Editor-vs.csproj", "{D8B74237-5097-0EB8-9B70-9DF75D753708}"
EndProject
Global
	GlobalSection(SolutionConfigurationPlatforms) = preSolution
		Debug|Any CPU = Debug|Any CPU
		Release|Any CPU = Release|Any CPU
	EndGlobalSection
	GlobalSection(ProjectConfigurationPlatforms) = postSolution
		{E3716B7D-F523-D874-A3FE-0439700CDC1B}.Debug|Any CPU.ActiveCfg = Debug|Any CPU
		{E3716B7D-F523-D874-A3FE-0439700CDC1B}.Debug|Any CPU.Build.0 = Debug|Any CPU
		{E3716B7D-F523-D874-A3FE-0439700CDC1B}.Release|Any CPU.ActiveCfg = Release|Any CPU
		{E3716B7D-F523-D874-A3FE-0439700CDC1B}.Release|Any CPU.Build.0 = Release|Any CPU
		{401BB7E0-17A6-B6BB-0219-86818A3539F8}.Debug|Any CPU.ActiveCfg = Debug|Any CPU
		{401BB7E0-17A6-B6BB-0219-86818A3539F8}.Debug|Any CPU.Build.0 = Debug|Any CPU
		{401BB7E0-17A6-B6BB-0219-86818A3539F8}.Release|Any CPU.ActiveCfg = Release|Any CPU
		{401BB7E0-17A6-B6BB-0219-86818A3539F8}.Release|Any CPU.Build.0 = Release|Any CPU
		{D8B74237-5097-0EB8-9B70-9DF75D753708}.Debug|Any CPU.ActiveCfg = Debug|Any CPU
		{D8B74237-5097-0EB8-9B70-9DF75D753708}.Debug|Any CPU.Build.0 = Debug|Any CPU
		{D8B74237-5097-0EB8-9B70-9DF75D753708}.Release|Any CPU.ActiveCfg = Release|Any CPU
		{D8B74237-5097-0EB8-9B70-9DF75D753708}.Release|Any CPU.Build.0 = Release|Any CPU
	EndGlobalSection
	GlobalSection(SolutionProperties) = preSolution
		HideSolutionNode = FALSE
	EndGlobalSection
																																																																																																																					GlobalSection(MonoDevelopProperties) = preSolution
		StartupItem = Assembly-CSharp.csproj
		Policies = $0
		$0.TextStylePolicy = $1
		$1.inheritsSet = null
		$1.scope = text/x-csharp
		$0.CSharpFormattingPolicy = $2
		$2.inheritsSet = Mono
		$2.inheritsScope = text/x-csharp
		$2.scope = text/x-csharp
		$0.TextStylePolicy = $3
		$3.FileWidth = 120
		$3.TabWidth = 4
		$3.IndentWidth = 4
		$3.EolMarker = Unix
		$3.inheritsSet = Mono
		$3.inheritsScope = text/plain
		$3.scope = text/plain
	EndGlobalSection

EndGlobal
