Microsoft Visual Studio Solution File, Format Version 11.00
# Visual Studio 2008

Project("{07D07291-AE53-3663-BA49-CAE743A759A3}") = "New Unity ProjectKid", "Assembly-CSharp-firstpass.csproj", "{47CD0A7E-C593-9C15-EFB9-127489610F1B}"
EndProject
Project("{07D07291-AE53-3663-BA49-CAE743A759A3}") = "New Unity ProjectKid", "Assembly-CSharp.csproj", "{B96ED217-04AE-F1EF-2F8E-D563D39CB1A0}"
EndProject
Project("{07D07291-AE53-3663-BA49-CAE743A759A3}") = "New Unity ProjectKid", "Assembly-CSharp-Editor.csproj", "{6C22C98A-4920-A3D6-7DD9-FE98604F3D1B}"
EndProject
Project("{07D07291-AE53-3663-BA49-CAE743A759A3}") = "New Unity ProjectKid", "Assembly-UnityScript.unityproj", "{A86C5ABA-B67B-4E23-91E4-B70047A0A061}"
EndProject
Project("{07D07291-AE53-3663-BA49-CAE743A759A3}") = "New Unity ProjectKid", "Assembly-UnityScript-Editor.unityproj", "{598A5479-48DE-0A93-22CB-431D3C9B8BDC}"
EndProject
Global
	GlobalSection(SolutionConfigurationPlatforms) = preSolution
		Debug|Any CPU = Debug|Any CPU
		Release|Any CPU = Release|Any CPU
	EndGlobalSection
	GlobalSection(ProjectConfigurationPlatforms) = postSolution
		{47CD0A7E-C593-9C15-EFB9-127489610F1B}.Debug|Any CPU.ActiveCfg = Debug|Any CPU
		{47CD0A7E-C593-9C15-EFB9-127489610F1B}.Debug|Any CPU.Build.0 = Debug|Any CPU
		{47CD0A7E-C593-9C15-EFB9-127489610F1B}.Release|Any CPU.ActiveCfg = Release|Any CPU
		{47CD0A7E-C593-9C15-EFB9-127489610F1B}.Release|Any CPU.Build.0 = Release|Any CPU
		{B96ED217-04AE-F1EF-2F8E-D563D39CB1A0}.Debug|Any CPU.ActiveCfg = Debug|Any CPU
		{B96ED217-04AE-F1EF-2F8E-D563D39CB1A0}.Debug|Any CPU.Build.0 = Debug|Any CPU
		{B96ED217-04AE-F1EF-2F8E-D563D39CB1A0}.Release|Any CPU.ActiveCfg = Release|Any CPU
		{B96ED217-04AE-F1EF-2F8E-D563D39CB1A0}.Release|Any CPU.Build.0 = Release|Any CPU
		{6C22C98A-4920-A3D6-7DD9-FE98604F3D1B}.Debug|Any CPU.ActiveCfg = Debug|Any CPU
		{6C22C98A-4920-A3D6-7DD9-FE98604F3D1B}.Debug|Any CPU.Build.0 = Debug|Any CPU
		{6C22C98A-4920-A3D6-7DD9-FE98604F3D1B}.Release|Any CPU.ActiveCfg = Release|Any CPU
		{6C22C98A-4920-A3D6-7DD9-FE98604F3D1B}.Release|Any CPU.Build.0 = Release|Any CPU
		{A86C5ABA-B67B-4E23-91E4-B70047A0A061}.Debug|Any CPU.ActiveCfg = Debug|Any CPU
		{A86C5ABA-B67B-4E23-91E4-B70047A0A061}.Debug|Any CPU.Build.0 = Debug|Any CPU
		{A86C5ABA-B67B-4E23-91E4-B70047A0A061}.Release|Any CPU.ActiveCfg = Release|Any CPU
		{A86C5ABA-B67B-4E23-91E4-B70047A0A061}.Release|Any CPU.Build.0 = Release|Any CPU
		{598A5479-48DE-0A93-22CB-431D3C9B8BDC}.Debug|Any CPU.ActiveCfg = Debug|Any CPU
		{598A5479-48DE-0A93-22CB-431D3C9B8BDC}.Debug|Any CPU.Build.0 = Debug|Any CPU
		{598A5479-48DE-0A93-22CB-431D3C9B8BDC}.Release|Any CPU.ActiveCfg = Release|Any CPU
		{598A5479-48DE-0A93-22CB-431D3C9B8BDC}.Release|Any CPU.Build.0 = Release|Any CPU
	EndGlobalSection
	GlobalSection(SolutionProperties) = preSolution
		HideSolutionNode = FALSE
	EndGlobalSection
																																																																																																																		GlobalSection(MonoDevelopProperties) = preSolution
		StartupItem = Assembly-CSharp.csproj
		Policies = $0
		$0.TextStylePolicy = $1
		$1.inheritsSet = null
		$1.scope = text/x-csharp
		$0.CSharpFormattingPolicy = $2
		$2.inheritsSet = Mono
		$2.inheritsScope = text/x-csharp
		$2.scope = text/x-csharp
		$0.TextStylePolicy = $3
		$3.FileWidth = 120
		$3.TabWidth = 4
		$3.IndentWidth = 4
		$3.EolMarker = Unix
		$3.inheritsSet = Mono
		$3.inheritsScope = text/plain
		$3.scope = text/plain
	EndGlobalSection

EndGlobal
